// !$*UTF8*$!
{
	archiveVersion = 1;
	classes = {
	};
	objectVersion = 46;
	objects = {

/* Begin PBXBuildFile section */
		FF5EF97718A3AEA400D8E444 /* Foundation.framework in Frameworks */ = {isa = PBXBuildFile; fileRef = FF5EF97618A3AEA400D8E444 /* Foundation.framework */; };
		FF5EF97918A3AEA400D8E444 /* CoreGraphics.framework in Frameworks */ = {isa = PBXBuildFile; fileRef = FF5EF97818A3AEA400D8E444 /* CoreGraphics.framework */; };
		FF5EF97B18A3AEA400D8E444 /* UIKit.framework in Frameworks */ = {isa = PBXBuildFile; fileRef = FF5EF97A18A3AEA400D8E444 /* UIKit.framework */; };
		FF5EF98118A3AEA400D8E444 /* InfoPlist.strings in Resources */ = {isa = PBXBuildFile; fileRef = FF5EF97F18A3AEA400D8E444 /* InfoPlist.strings */; };
		FF5EF98318A3AEA400D8E444 /* main.m in Sources */ = {isa = PBXBuildFile; fileRef = FF5EF98218A3AEA400D8E444 /* main.m */; };
		FF5EF98718A3AEA400D8E444 /* FJBAppDelegate.m in Sources */ = {isa = PBXBuildFile; fileRef = FF5EF98618A3AEA400D8E444 /* FJBAppDelegate.m */; };
		FF5EF98918A3AEA400D8E444 /* Images.xcassets in Resources */ = {isa = PBXBuildFile; fileRef = FF5EF98818A3AEA400D8E444 /* Images.xcassets */; };
		FF5EF99018A3AEA500D8E444 /* XCTest.framework in Frameworks */ = {isa = PBXBuildFile; fileRef = FF5EF98F18A3AEA500D8E444 /* XCTest.framework */; };
		FF5EF99118A3AEA500D8E444 /* Foundation.framework in Frameworks */ = {isa = PBXBuildFile; fileRef = FF5EF97618A3AEA400D8E444 /* Foundation.framework */; };
		FF5EF99218A3AEA500D8E444 /* UIKit.framework in Frameworks */ = {isa = PBXBuildFile; fileRef = FF5EF97A18A3AEA400D8E444 /* UIKit.framework */; };
		FF5EF99A18A3AEA500D8E444 /* InfoPlist.strings in Resources */ = {isa = PBXBuildFile; fileRef = FF5EF99818A3AEA500D8E444 /* InfoPlist.strings */; };
		FF5EF99C18A3AEA500D8E444 /* FJBMenuViewControllerTests.m in Sources */ = {isa = PBXBuildFile; fileRef = FF5EF99B18A3AEA500D8E444 /* FJBMenuViewControllerTests.m */; };
		FF5EF9BA18A3B00500D8E444 /* FJBMenuViewBaseConfiguration.m in Sources */ = {isa = PBXBuildFile; fileRef = FF5EF9A918A3B00500D8E444 /* FJBMenuViewBaseConfiguration.m */; };
		FF5EF9BB18A3B00500D8E444 /* FJBMenuViewController.m in Sources */ = {isa = PBXBuildFile; fileRef = FF5EF9AD18A3B00500D8E444 /* FJBMenuViewController.m */; };
		FF5EF9BC18A3B00500D8E444 /* FJBMenuAirbnbAnimation.m in Sources */ = {isa = PBXBuildFile; fileRef = FF5EF9B118A3B00500D8E444 /* FJBMenuAirbnbAnimation.m */; };
		FF5EF9BD18A3B00500D8E444 /* FJBMenuBaseAnimation.m in Sources */ = {isa = PBXBuildFile; fileRef = FF5EF9B318A3B00500D8E444 /* FJBMenuBaseAnimation.m */; };
		FF5EF9BE18A3B00500D8E444 /* FJBMenuFacebookAnimation.m in Sources */ = {isa = PBXBuildFile; fileRef = FF5EF9B518A3B00500D8E444 /* FJBMenuFacebookAnimation.m */; };
		FF5EF9BF18A3B00500D8E444 /* FJBMenuLuvocracyAnimation.m in Sources */ = {isa = PBXBuildFile; fileRef = FF5EF9B718A3B00500D8E444 /* FJBMenuLuvocracyAnimation.m */; };
		FF5EF9C018A3B00500D8E444 /* UIViewController+FJBMenuViewController.m in Sources */ = {isa = PBXBuildFile; fileRef = FF5EF9B918A3B00500D8E444 /* UIViewController+FJBMenuViewController.m */; };
		FF5EF9CA18A8D42800D8E444 /* FJBCenterViewController.m in Sources */ = {isa = PBXBuildFile; fileRef = FF5EF9C918A8D42800D8E444 /* FJBCenterViewController.m */; };
		FF5EF9CE18A8D4C900D8E444 /* FJBLeftViewController.m in Sources */ = {isa = PBXBuildFile; fileRef = FF5EF9CD18A8D4C900D8E444 /* FJBLeftViewController.m */; };
		FF5EF9D118A918D100D8E444 /* FJBRightViewController.m in Sources */ = {isa = PBXBuildFile; fileRef = FF5EF9D018A918D100D8E444 /* FJBRightViewController.m */; };
/* End PBXBuildFile section */

/* Begin PBXContainerItemProxy section */
		FF5EF99318A3AEA500D8E444 /* PBXContainerItemProxy */ = {
			isa = PBXContainerItemProxy;
			containerPortal = FF5EF96B18A3AEA400D8E444 /* Project object */;
			proxyType = 1;
			remoteGlobalIDString = FF5EF97218A3AEA400D8E444;
			remoteInfo = FJBMenuViewController;
		};
/* End PBXContainerItemProxy section */

/* Begin PBXFileReference section */
		FF5EF97318A3AEA400D8E444 /* FJBMenuViewController.app */ = {isa = PBXFileReference; explicitFileType = wrapper.application; includeInIndex = 0; path = FJBMenuViewController.app; sourceTree = BUILT_PRODUCTS_DIR; };
		FF5EF97618A3AEA400D8E444 /* Foundation.framework */ = {isa = PBXFileReference; lastKnownFileType = wrapper.framework; name = Foundation.framework; path = System/Library/Frameworks/Foundation.framework; sourceTree = SDKROOT; };
		FF5EF97818A3AEA400D8E444 /* CoreGraphics.framework */ = {isa = PBXFileReference; lastKnownFileType = wrapper.framework; name = CoreGraphics.framework; path = System/Library/Frameworks/CoreGraphics.framework; sourceTree = SDKROOT; };
		FF5EF97A18A3AEA400D8E444 /* UIKit.framework */ = {isa = PBXFileReference; lastKnownFileType = wrapper.framework; name = UIKit.framework; path = System/Library/Frameworks/UIKit.framework; sourceTree = SDKROOT; };
		FF5EF97E18A3AEA400D8E444 /* FJBMenuViewController-Info.plist */ = {isa = PBXFileReference; lastKnownFileType = text.plist.xml; path = "FJBMenuViewController-Info.plist"; sourceTree = "<group>"; };
		FF5EF98018A3AEA400D8E444 /* en */ = {isa = PBXFileReference; lastKnownFileType = text.plist.strings; name = en; path = en.lproj/InfoPlist.strings; sourceTree = "<group>"; };
		FF5EF98218A3AEA400D8E444 /* main.m */ = {isa = PBXFileReference; lastKnownFileType = sourcecode.c.objc; path = main.m; sourceTree = "<group>"; };
		FF5EF98418A3AEA400D8E444 /* FJBMenuViewController-Prefix.pch */ = {isa = PBXFileReference; lastKnownFileType = sourcecode.c.h; path = "FJBMenuViewController-Prefix.pch"; sourceTree = "<group>"; };
		FF5EF98518A3AEA400D8E444 /* FJBAppDelegate.h */ = {isa = PBXFileReference; lastKnownFileType = sourcecode.c.h; path = FJBAppDelegate.h; sourceTree = "<group>"; };
		FF5EF98618A3AEA400D8E444 /* FJBAppDelegate.m */ = {isa = PBXFileReference; lastKnownFileType = sourcecode.c.objc; path = FJBAppDelegate.m; sourceTree = "<group>"; };
		FF5EF98818A3AEA400D8E444 /* Images.xcassets */ = {isa = PBXFileReference; lastKnownFileType = folder.assetcatalog; path = Images.xcassets; sourceTree = "<group>"; };
		FF5EF98E18A3AEA500D8E444 /* FJBMenuViewControllerTests.xctest */ = {isa = PBXFileReference; explicitFileType = wrapper.cfbundle; includeInIndex = 0; path = FJBMenuViewControllerTests.xctest; sourceTree = BUILT_PRODUCTS_DIR; };
		FF5EF98F18A3AEA500D8E444 /* XCTest.framework */ = {isa = PBXFileReference; lastKnownFileType = wrapper.framework; name = XCTest.framework; path = Library/Frameworks/XCTest.framework; sourceTree = DEVELOPER_DIR; };
		FF5EF99718A3AEA500D8E444 /* FJBMenuViewControllerTests-Info.plist */ = {isa = PBXFileReference; lastKnownFileType = text.plist.xml; path = "FJBMenuViewControllerTests-Info.plist"; sourceTree = "<group>"; };
		FF5EF99918A3AEA500D8E444 /* en */ = {isa = PBXFileReference; lastKnownFileType = text.plist.strings; name = en; path = en.lproj/InfoPlist.strings; sourceTree = "<group>"; };
		FF5EF99B18A3AEA500D8E444 /* FJBMenuViewControllerTests.m */ = {isa = PBXFileReference; lastKnownFileType = sourcecode.c.objc; path = FJBMenuViewControllerTests.m; sourceTree = "<group>"; };
		FF5EF9A818A3B00400D8E444 /* FJBMenuViewBaseConfiguration.h */ = {isa = PBXFileReference; fileEncoding = 4; lastKnownFileType = sourcecode.c.h; path = FJBMenuViewBaseConfiguration.h; sourceTree = "<group>"; };
		FF5EF9A918A3B00500D8E444 /* FJBMenuViewBaseConfiguration.m */ = {isa = PBXFileReference; fileEncoding = 4; lastKnownFileType = sourcecode.c.objc; path = FJBMenuViewBaseConfiguration.m; sourceTree = "<group>"; };
		FF5EF9AA18A3B00500D8E444 /* FJBMenuViewConfigurationProtocol.h */ = {isa = PBXFileReference; fileEncoding = 4; lastKnownFileType = sourcecode.c.h; path = FJBMenuViewConfigurationProtocol.h; sourceTree = "<group>"; };
		FF5EF9AB18A3B00500D8E444 /* FJBMenuAnimationProtocol.h */ = {isa = PBXFileReference; fileEncoding = 4; lastKnownFileType = sourcecode.c.h; path = FJBMenuAnimationProtocol.h; sourceTree = "<group>"; };
		FF5EF9AC18A3B00500D8E444 /* FJBMenuViewController.h */ = {isa = PBXFileReference; fileEncoding = 4; lastKnownFileType = sourcecode.c.h; path = FJBMenuViewController.h; sourceTree = "<group>"; };
		FF5EF9AD18A3B00500D8E444 /* FJBMenuViewController.m */ = {isa = PBXFileReference; fileEncoding = 4; lastKnownFileType = sourcecode.c.objc; path = FJBMenuViewController.m; sourceTree = "<group>"; };
		FF5EF9AE18A3B00500D8E444 /* FJBMenuViewControllerDelegate.h */ = {isa = PBXFileReference; fileEncoding = 4; lastKnownFileType = sourcecode.c.h; path = FJBMenuViewControllerDelegate.h; sourceTree = "<group>"; };
		FF5EF9B018A3B00500D8E444 /* FJBMenuAirbnbAnimation.h */ = {isa = PBXFileReference; fileEncoding = 4; lastKnownFileType = sourcecode.c.h; path = FJBMenuAirbnbAnimation.h; sourceTree = "<group>"; };
		FF5EF9B118A3B00500D8E444 /* FJBMenuAirbnbAnimation.m */ = {isa = PBXFileReference; fileEncoding = 4; lastKnownFileType = sourcecode.c.objc; path = FJBMenuAirbnbAnimation.m; sourceTree = "<group>"; };
		FF5EF9B218A3B00500D8E444 /* FJBMenuBaseAnimation.h */ = {isa = PBXFileReference; fileEncoding = 4; lastKnownFileType = sourcecode.c.h; path = FJBMenuBaseAnimation.h; sourceTree = "<group>"; };
		FF5EF9B318A3B00500D8E444 /* FJBMenuBaseAnimation.m */ = {isa = PBXFileReference; fileEncoding = 4; lastKnownFileType = sourcecode.c.objc; path = FJBMenuBaseAnimation.m; sourceTree = "<group>"; };
		FF5EF9B418A3B00500D8E444 /* FJBMenuFacebookAnimation.h */ = {isa = PBXFileReference; fileEncoding = 4; lastKnownFileType = sourcecode.c.h; path = FJBMenuFacebookAnimation.h; sourceTree = "<group>"; };
		FF5EF9B518A3B00500D8E444 /* FJBMenuFacebookAnimation.m */ = {isa = PBXFileReference; fileEncoding = 4; lastKnownFileType = sourcecode.c.objc; path = FJBMenuFacebookAnimation.m; sourceTree = "<group>"; };
		FF5EF9B618A3B00500D8E444 /* FJBMenuLuvocracyAnimation.h */ = {isa = PBXFileReference; fileEncoding = 4; lastKnownFileType = sourcecode.c.h; path = FJBMenuLuvocracyAnimation.h; sourceTree = "<group>"; };
		FF5EF9B718A3B00500D8E444 /* FJBMenuLuvocracyAnimation.m */ = {isa = PBXFileReference; fileEncoding = 4; lastKnownFileType = sourcecode.c.objc; path = FJBMenuLuvocracyAnimation.m; sourceTree = "<group>"; };
		FF5EF9B818A3B00500D8E444 /* UIViewController+FJBMenuViewController.h */ = {isa = PBXFileReference; fileEncoding = 4; lastKnownFileType = sourcecode.c.h; path = "UIViewController+FJBMenuViewController.h"; sourceTree = "<group>"; };
		FF5EF9B918A3B00500D8E444 /* UIViewController+FJBMenuViewController.m */ = {isa = PBXFileReference; fileEncoding = 4; lastKnownFileType = sourcecode.c.objc; path = "UIViewController+FJBMenuViewController.m"; sourceTree = "<group>"; };
		FF5EF9C818A8D42800D8E444 /* FJBCenterViewController.h */ = {isa = PBXFileReference; fileEncoding = 4; lastKnownFileType = sourcecode.c.h; name = FJBCenterViewController.h; path = ViewControllers/FJBCenterViewController.h; sourceTree = "<group>"; };
		FF5EF9C918A8D42800D8E444 /* FJBCenterViewController.m */ = {isa = PBXFileReference; fileEncoding = 4; lastKnownFileType = sourcecode.c.objc; name = FJBCenterViewController.m; path = ViewControllers/FJBCenterViewController.m; sourceTree = "<group>"; };
		FF5EF9CC18A8D4C900D8E444 /* FJBLeftViewController.h */ = {isa = PBXFileReference; fileEncoding = 4; lastKnownFileType = sourcecode.c.h; name = FJBLeftViewController.h; path = ViewControllers/FJBLeftViewController.h; sourceTree = "<group>"; };
		FF5EF9CD18A8D4C900D8E444 /* FJBLeftViewController.m */ = {isa = PBXFileReference; fileEncoding = 4; lastKnownFileType = sourcecode.c.objc; name = FJBLeftViewController.m; path = ViewControllers/FJBLeftViewController.m; sourceTree = "<group>"; };
		FF5EF9CF18A918D100D8E444 /* FJBRightViewController.h */ = {isa = PBXFileReference; fileEncoding = 4; lastKnownFileType = sourcecode.c.h; name = FJBRightViewController.h; path = ViewControllers/FJBRightViewController.h; sourceTree = "<group>"; };
		FF5EF9D018A918D100D8E444 /* FJBRightViewController.m */ = {isa = PBXFileReference; fileEncoding = 4; lastKnownFileType = sourcecode.c.objc; name = FJBRightViewController.m; path = ViewControllers/FJBRightViewController.m; sourceTree = "<group>"; };
/* End PBXFileReference section */

/* Begin PBXFrameworksBuildPhase section */
		FF5EF97018A3AEA400D8E444 /* Frameworks */ = {
			isa = PBXFrameworksBuildPhase;
			buildActionMask = 2147483647;
			files = (
				FF5EF97918A3AEA400D8E444 /* CoreGraphics.framework in Frameworks */,
				FF5EF97B18A3AEA400D8E444 /* UIKit.framework in Frameworks */,
				FF5EF97718A3AEA400D8E444 /* Foundation.framework in Frameworks */,
			);
			runOnlyForDeploymentPostprocessing = 0;
		};
		FF5EF98B18A3AEA500D8E444 /* Frameworks */ = {
			isa = PBXFrameworksBuildPhase;
			buildActionMask = 2147483647;
			files = (
				FF5EF99018A3AEA500D8E444 /* XCTest.framework in Frameworks */,
				FF5EF99218A3AEA500D8E444 /* UIKit.framework in Frameworks */,
				FF5EF99118A3AEA500D8E444 /* Foundation.framework in Frameworks */,
			);
			runOnlyForDeploymentPostprocessing = 0;
		};
/* End PBXFrameworksBuildPhase section */

/* Begin PBXGroup section */
		FF5EF96A18A3AEA400D8E444 = {
			isa = PBXGroup;
			children = (
				FF5EF9A618A3B00400D8E444 /* src */,
				FF5EF97C18A3AEA400D8E444 /* FJBMenuViewController */,
				FF5EF99518A3AEA500D8E444 /* FJBMenuViewControllerTests */,
				FF5EF97518A3AEA400D8E444 /* Frameworks */,
				FF5EF97418A3AEA400D8E444 /* Products */,
			);
			sourceTree = "<group>";
		};
		FF5EF97418A3AEA400D8E444 /* Products */ = {
			isa = PBXGroup;
			children = (
				FF5EF97318A3AEA400D8E444 /* FJBMenuViewController.app */,
				FF5EF98E18A3AEA500D8E444 /* FJBMenuViewControllerTests.xctest */,
			);
			name = Products;
			sourceTree = "<group>";
		};
		FF5EF97518A3AEA400D8E444 /* Frameworks */ = {
			isa = PBXGroup;
			children = (
				FF5EF97618A3AEA400D8E444 /* Foundation.framework */,
				FF5EF97818A3AEA400D8E444 /* CoreGraphics.framework */,
				FF5EF97A18A3AEA400D8E444 /* UIKit.framework */,
				FF5EF98F18A3AEA500D8E444 /* XCTest.framework */,
			);
			name = Frameworks;
			sourceTree = "<group>";
		};
		FF5EF97C18A3AEA400D8E444 /* FJBMenuViewController */ = {
			isa = PBXGroup;
			children = (
				FF5EF9CB18A8D42C00D8E444 /* ViewControllers */,
				FF5EF98518A3AEA400D8E444 /* FJBAppDelegate.h */,
				FF5EF98618A3AEA400D8E444 /* FJBAppDelegate.m */,
				FF5EF98818A3AEA400D8E444 /* Images.xcassets */,
				FF5EF97D18A3AEA400D8E444 /* Supporting Files */,
			);
			path = FJBMenuViewController;
			sourceTree = "<group>";
		};
		FF5EF97D18A3AEA400D8E444 /* Supporting Files */ = {
			isa = PBXGroup;
			children = (
				FF5EF97E18A3AEA400D8E444 /* FJBMenuViewController-Info.plist */,
				FF5EF97F18A3AEA400D8E444 /* InfoPlist.strings */,
				FF5EF98218A3AEA400D8E444 /* main.m */,
				FF5EF98418A3AEA400D8E444 /* FJBMenuViewController-Prefix.pch */,
			);
			name = "Supporting Files";
			sourceTree = "<group>";
		};
		FF5EF99518A3AEA500D8E444 /* FJBMenuViewControllerTests */ = {
			isa = PBXGroup;
			children = (
				FF5EF99B18A3AEA500D8E444 /* FJBMenuViewControllerTests.m */,
				FF5EF99618A3AEA500D8E444 /* Supporting Files */,
			);
			path = FJBMenuViewControllerTests;
			sourceTree = "<group>";
		};
		FF5EF99618A3AEA500D8E444 /* Supporting Files */ = {
			isa = PBXGroup;
			children = (
				FF5EF99718A3AEA500D8E444 /* FJBMenuViewControllerTests-Info.plist */,
				FF5EF99818A3AEA500D8E444 /* InfoPlist.strings */,
			);
			name = "Supporting Files";
			sourceTree = "<group>";
		};
		FF5EF9A618A3B00400D8E444 /* src */ = {
			isa = PBXGroup;
			children = (
				FF5EF9A718A3B00400D8E444 /* Configuration */,
				FF5EF9AF18A3B00500D8E444 /* MenuAnimations */,
				FF5EF9AB18A3B00500D8E444 /* FJBMenuAnimationProtocol.h */,
				FF5EF9AC18A3B00500D8E444 /* FJBMenuViewController.h */,
				FF5EF9AD18A3B00500D8E444 /* FJBMenuViewController.m */,
				FF5EF9AE18A3B00500D8E444 /* FJBMenuViewControllerDelegate.h */,
				FF5EF9B818A3B00500D8E444 /* UIViewController+FJBMenuViewController.h */,
				FF5EF9B918A3B00500D8E444 /* UIViewController+FJBMenuViewController.m */,
			);
			path = src;
			sourceTree = "<group>";
		};
		FF5EF9A718A3B00400D8E444 /* Configuration */ = {
			isa = PBXGroup;
			children = (
				FF5EF9A818A3B00400D8E444 /* FJBMenuViewBaseConfiguration.h */,
				FF5EF9A918A3B00500D8E444 /* FJBMenuViewBaseConfiguration.m */,
				FF5EF9AA18A3B00500D8E444 /* FJBMenuViewConfigurationProtocol.h */,
			);
			path = Configuration;
			sourceTree = "<group>";
		};
		FF5EF9AF18A3B00500D8E444 /* MenuAnimations */ = {
			isa = PBXGroup;
			children = (
				FF5EF9B018A3B00500D8E444 /* FJBMenuAirbnbAnimation.h */,
				FF5EF9B118A3B00500D8E444 /* FJBMenuAirbnbAnimation.m */,
				FF5EF9B218A3B00500D8E444 /* FJBMenuBaseAnimation.h */,
				FF5EF9B318A3B00500D8E444 /* FJBMenuBaseAnimation.m */,
				FF5EF9B418A3B00500D8E444 /* FJBMenuFacebookAnimation.h */,
				FF5EF9B518A3B00500D8E444 /* FJBMenuFacebookAnimation.m */,
				FF5EF9B618A3B00500D8E444 /* FJBMenuLuvocracyAnimation.h */,
				FF5EF9B718A3B00500D8E444 /* FJBMenuLuvocracyAnimation.m */,
			);
			path = MenuAnimations;
			sourceTree = "<group>";
		};
		FF5EF9CB18A8D42C00D8E444 /* ViewControllers */ = {
			isa = PBXGroup;
			children = (
				FF5EF9C818A8D42800D8E444 /* FJBCenterViewController.h */,
				FF5EF9C918A8D42800D8E444 /* FJBCenterViewController.m */,
				FF5EF9CC18A8D4C900D8E444 /* FJBLeftViewController.h */,
				FF5EF9CD18A8D4C900D8E444 /* FJBLeftViewController.m */,
				FF5EF9CF18A918D100D8E444 /* FJBRightViewController.h */,
				FF5EF9D018A918D100D8E444 /* FJBRightViewController.m */,
			);
			name = ViewControllers;
			sourceTree = "<group>";
		};
/* End PBXGroup section */

/* Begin PBXNativeTarget section */
		FF5EF97218A3AEA400D8E444 /* FJBMenuViewController */ = {
			isa = PBXNativeTarget;
			buildConfigurationList = FF5EF99F18A3AEA500D8E444 /* Build configuration list for PBXNativeTarget "FJBMenuViewController" */;
			buildPhases = (
				FF5EF96F18A3AEA400D8E444 /* Sources */,
				FF5EF97018A3AEA400D8E444 /* Frameworks */,
				FF5EF97118A3AEA400D8E444 /* Resources */,
			);
			buildRules = (
			);
			dependencies = (
			);
			name = FJBMenuViewController;
			productName = FJBMenuViewController;
			productReference = FF5EF97318A3AEA400D8E444 /* FJBMenuViewController.app */;
			productType = "com.apple.product-type.application";
		};
		FF5EF98D18A3AEA500D8E444 /* FJBMenuViewControllerTests */ = {
			isa = PBXNativeTarget;
			buildConfigurationList = FF5EF9A218A3AEA500D8E444 /* Build configuration list for PBXNativeTarget "FJBMenuViewControllerTests" */;
			buildPhases = (
				FF5EF98A18A3AEA500D8E444 /* Sources */,
				FF5EF98B18A3AEA500D8E444 /* Frameworks */,
				FF5EF98C18A3AEA500D8E444 /* Resources */,
			);
			buildRules = (
			);
			dependencies = (
				FF5EF99418A3AEA500D8E444 /* PBXTargetDependency */,
			);
			name = FJBMenuViewControllerTests;
			productName = FJBMenuViewControllerTests;
			productReference = FF5EF98E18A3AEA500D8E444 /* FJBMenuViewControllerTests.xctest */;
			productType = "com.apple.product-type.bundle.unit-test";
		};
/* End PBXNativeTarget section */

/* Begin PBXProject section */
		FF5EF96B18A3AEA400D8E444 /* Project object */ = {
			isa = PBXProject;
			attributes = {
				CLASSPREFIX = FJB;
				LastUpgradeCheck = 0500;
				ORGANIZATIONNAME = FJBelchi;
				TargetAttributes = {
					FF5EF98D18A3AEA500D8E444 = {
						TestTargetID = FF5EF97218A3AEA400D8E444;
					};
				};
			};
			buildConfigurationList = FF5EF96E18A3AEA400D8E444 /* Build configuration list for PBXProject "FJBMenuViewController" */;
			compatibilityVersion = "Xcode 3.2";
			developmentRegion = English;
			hasScannedForEncodings = 0;
			knownRegions = (
				en,
			);
			mainGroup = FF5EF96A18A3AEA400D8E444;
			productRefGroup = FF5EF97418A3AEA400D8E444 /* Products */;
			projectDirPath = "";
			projectRoot = "";
			targets = (
				FF5EF97218A3AEA400D8E444 /* FJBMenuViewController */,
				FF5EF98D18A3AEA500D8E444 /* FJBMenuViewControllerTests */,
			);
		};
/* End PBXProject section */

/* Begin PBXResourcesBuildPhase section */
		FF5EF97118A3AEA400D8E444 /* Resources */ = {
			isa = PBXResourcesBuildPhase;
			buildActionMask = 2147483647;
			files = (
				FF5EF98118A3AEA400D8E444 /* InfoPlist.strings in Resources */,
				FF5EF98918A3AEA400D8E444 /* Images.xcassets in Resources */,
			);
			runOnlyForDeploymentPostprocessing = 0;
		};
		FF5EF98C18A3AEA500D8E444 /* Resources */ = {
			isa = PBXResourcesBuildPhase;
			buildActionMask = 2147483647;
			files = (
				FF5EF99A18A3AEA500D8E444 /* InfoPlist.strings in Resources */,
			);
			runOnlyForDeploymentPostprocessing = 0;
		};
/* End PBXResourcesBuildPhase section */

/* Begin PBXSourcesBuildPhase section */
		FF5EF96F18A3AEA400D8E444 /* Sources */ = {
			isa = PBXSourcesBuildPhase;
			buildActionMask = 2147483647;
			files = (
				FF5EF9BB18A3B00500D8E444 /* FJBMenuViewController.m in Sources */,
				FF5EF98318A3AEA400D8E444 /* main.m in Sources */,
				FF5EF9D118A918D100D8E444 /* FJBRightViewController.m in Sources */,
				FF5EF98718A3AEA400D8E444 /* FJBAppDelegate.m in Sources */,
				FF5EF9BA18A3B00500D8E444 /* FJBMenuViewBaseConfiguration.m in Sources */,
				FF5EF9BE18A3B00500D8E444 /* FJBMenuFacebookAnimation.m in Sources */,
				FF5EF9BF18A3B00500D8E444 /* FJBMenuLuvocracyAnimation.m in Sources */,
				FF5EF9C018A3B00500D8E444 /* UIViewController+FJBMenuViewController.m in Sources */,
				FF5EF9BC18A3B00500D8E444 /* FJBMenuAirbnbAnimation.m in Sources */,
				FF5EF9CA18A8D42800D8E444 /* FJBCenterViewController.m in Sources */,
				FF5EF9CE18A8D4C900D8E444 /* FJBLeftViewController.m in Sources */,
				FF5EF9BD18A3B00500D8E444 /* FJBMenuBaseAnimation.m in Sources */,
			);
			runOnlyForDeploymentPostprocessing = 0;
		};
		FF5EF98A18A3AEA500D8E444 /* Sources */ = {
			isa = PBXSourcesBuildPhase;
			buildActionMask = 2147483647;
			files = (
				FF5EF99C18A3AEA500D8E444 /* FJBMenuViewControllerTests.m in Sources */,
			);
			runOnlyForDeploymentPostprocessing = 0;
		};
/* End PBXSourcesBuildPhase section */

/* Begin PBXTargetDependency section */
		FF5EF99418A3AEA500D8E444 /* PBXTargetDependency */ = {
			isa = PBXTargetDependency;
			target = FF5EF97218A3AEA400D8E444 /* FJBMenuViewController */;
			targetProxy = FF5EF99318A3AEA500D8E444 /* PBXContainerItemProxy */;
		};
/* End PBXTargetDependency section */

/* Begin PBXVariantGroup section */
		FF5EF97F18A3AEA400D8E444 /* InfoPlist.strings */ = {
			isa = PBXVariantGroup;
			children = (
				FF5EF98018A3AEA400D8E444 /* en */,
			);
			name = InfoPlist.strings;
			sourceTree = "<group>";
		};
		FF5EF99818A3AEA500D8E444 /* InfoPlist.strings */ = {
			isa = PBXVariantGroup;
			children = (
				FF5EF99918A3AEA500D8E444 /* en */,
			);
			name = InfoPlist.strings;
			sourceTree = "<group>";
		};
/* End PBXVariantGroup section */

/* Begin XCBuildConfiguration section */
		FF5EF99D18A3AEA500D8E444 /* Debug */ = {
			isa = XCBuildConfiguration;
			buildSettings = {
				ALWAYS_SEARCH_USER_PATHS = NO;
				ARCHS = "$(ARCHS_STANDARD_INCLUDING_64_BIT)";
				CLANG_CXX_LANGUAGE_STANDARD = "gnu++0x";
				CLANG_CXX_LIBRARY = "libc++";
				CLANG_ENABLE_MODULES = YES;
				CLANG_ENABLE_OBJC_ARC = YES;
				CLANG_WARN_BOOL_CONVERSION = YES;
				CLANG_WARN_CONSTANT_CONVERSION = YES;
				CLANG_WARN_DIRECT_OBJC_ISA_USAGE = YES_ERROR;
				CLANG_WARN_EMPTY_BODY = YES;
				CLANG_WARN_ENUM_CONVERSION = YES;
				CLANG_WARN_INT_CONVERSION = YES;
				CLANG_WARN_OBJC_ROOT_CLASS = YES_ERROR;
				CLANG_WARN__DUPLICATE_METHOD_MATCH = YES;
				"CODE_SIGN_IDENTITY[sdk=iphoneos*]" = "iPhone Developer";
				COPY_PHASE_STRIP = NO;
				GCC_C_LANGUAGE_STANDARD = gnu99;
				GCC_DYNAMIC_NO_PIC = NO;
				GCC_OPTIMIZATION_LEVEL = 0;
				GCC_PREPROCESSOR_DEFINITIONS = (
					"DEBUG=1",
					"$(inherited)",
				);
				GCC_SYMBOLS_PRIVATE_EXTERN = NO;
				GCC_WARN_64_TO_32_BIT_CONVERSION = YES;
				GCC_WARN_ABOUT_RETURN_TYPE = YES_ERROR;
				GCC_WARN_UNDECLARED_SELECTOR = YES;
				GCC_WARN_UNINITIALIZED_AUTOS = YES;
				GCC_WARN_UNUSED_FUNCTION = YES;
				GCC_WARN_UNUSED_VARIABLE = YES;
				IPHONEOS_DEPLOYMENT_TARGET = 7.0;
				ONLY_ACTIVE_ARCH = YES;
				SDKROOT = iphoneos;
				TARGETED_DEVICE_FAMILY = "1,2";
			};
			name = Debug;
		};
		FF5EF99E18A3AEA500D8E444 /* Release */ = {
			isa = XCBuildConfiguration;
			buildSettings = {
				ALWAYS_SEARCH_USER_PATHS = NO;
				ARCHS = "$(ARCHS_STANDARD_INCLUDING_64_BIT)";
				CLANG_CXX_LANGUAGE_STANDARD = "gnu++0x";
				CLANG_CXX_LIBRARY = "libc++";
				CLANG_ENABLE_MODULES = YES;
				CLANG_ENABLE_OBJC_ARC = YES;
				CLANG_WARN_BOOL_CONVERSION = YES;
				CLANG_WARN_CONSTANT_CONVERSION = YES;
				CLANG_WARN_DIRECT_OBJC_ISA_USAGE = YES_ERROR;
				CLANG_WARN_EMPTY_BODY = YES;
				CLANG_WARN_ENUM_CONVERSION = YES;
				CLANG_WARN_INT_CONVERSION = YES;
				CLANG_WARN_OBJC_ROOT_CLASS = YES_ERROR;
				CLANG_WARN__DUPLICATE_METHOD_MATCH = YES;
				"CODE_SIGN_IDENTITY[sdk=iphoneos*]" = "iPhone Developer";
				COPY_PHASE_STRIP = YES;
				ENABLE_NS_ASSERTIONS = NO;
				GCC_C_LANGUAGE_STANDARD = gnu99;
				GCC_WARN_64_TO_32_BIT_CONVERSION = YES;
				GCC_WARN_ABOUT_RETURN_TYPE = YES_ERROR;
				GCC_WARN_UNDECLARED_SELECTOR = YES;
				GCC_WARN_UNINITIALIZED_AUTOS = YES;
				GCC_WARN_UNUSED_FUNCTION = YES;
				GCC_WARN_UNUSED_VARIABLE = YES;
				IPHONEOS_DEPLOYMENT_TARGET = 7.0;
				SDKROOT = iphoneos;
				TARGETED_DEVICE_FAMILY = "1,2";
				VALIDATE_PRODUCT = YES;
			};
			name = Release;
		};
		FF5EF9A018A3AEA500D8E444 /* Debug */ = {
			isa = XCBuildConfiguration;
			buildSettings = {
				ASSETCATALOG_COMPILER_APPICON_NAME = AppIcon;
				ASSETCATALOG_COMPILER_LAUNCHIMAGE_NAME = LaunchImage;
				GCC_PRECOMPILE_PREFIX_HEADER = YES;
				GCC_PREFIX_HEADER = "FJBMenuViewController/FJBMenuViewController-Prefix.pch";
				INFOPLIST_FILE = "FJBMenuViewController/FJBMenuViewController-Info.plist";
				PRODUCT_NAME = "$(TARGET_NAME)";
				WRAPPER_EXTENSION = app;
			};
			name = Debug;
		};
		FF5EF9A118A3AEA500D8E444 /* Release */ = {
			isa = XCBuildConfiguration;
			buildSettings = {
				ASSETCATALOG_COMPILER_APPICON_NAME = AppIcon;
				ASSETCATALOG_COMPILER_LAUNCHIMAGE_NAME = LaunchImage;
				GCC_PRECOMPILE_PREFIX_HEADER = YES;
				GCC_PREFIX_HEADER = "FJBMenuViewController/FJBMenuViewController-Prefix.pch";
				INFOPLIST_FILE = "FJBMenuViewController/FJBMenuViewController-Info.plist";
				PRODUCT_NAME = "$(TARGET_NAME)";
				WRAPPER_EXTENSION = app;
			};
			name = Release;
		};
		FF5EF9A318A3AEA500D8E444 /* Debug */ = {
			isa = XCBuildConfiguration;
			buildSettings = {
				ARCHS = "$(ARCHS_STANDARD_INCLUDING_64_BIT)";
				BUNDLE_LOADER = "$(BUILT_PRODUCTS_DIR)/FJBMenuViewController.app/FJBMenuViewController";
				FRAMEWORK_SEARCH_PATHS = (
					"$(SDKROOT)/Developer/Library/Frameworks",
					"$(inherited)",
					"$(DEVELOPER_FRAMEWORKS_DIR)",
				);
				GCC_PRECOMPILE_PREFIX_HEADER = YES;
				GCC_PREFIX_HEADER = "FJBMenuViewController/FJBMenuViewController-Prefix.pch";
				GCC_PREPROCESSOR_DEFINITIONS = (
					"DEBUG=1",
					"$(inherited)",
				);
				INFOPLIST_FILE = "FJBMenuViewControllerTests/FJBMenuViewControllerTests-Info.plist";
				PRODUCT_NAME = "$(TARGET_NAME)";
				TEST_HOST = "$(BUNDLE_LOADER)";
				WRAPPER_EXTENSION = xctest;
			};
			name = Debug;
		};
		FF5EF9A418A3AEA500D8E444 /* Release */ = {
			isa = XCBuildConfiguration;
			buildSettings = {
				ARCHS = "$(ARCHS_STANDARD_INCLUDING_64_BIT)";
				BUNDLE_LOADER = "$(BUILT_PRODUCTS_DIR)/FJBMenuViewController.app/FJBMenuViewController";
				FRAMEWORK_SEARCH_PATHS = (
					"$(SDKROOT)/Developer/Library/Frameworks",
					"$(inherited)",
					"$(DEVELOPER_FRAMEWORKS_DIR)",
				);
				GCC_PRECOMPILE_PREFIX_HEADER = YES;
				GCC_PREFIX_HEADER = "FJBMenuViewController/FJBMenuViewController-Prefix.pch";
				INFOPLIST_FILE = "FJBMenuViewControllerTests/FJBMenuViewControllerTests-Info.plist";
				PRODUCT_NAME = "$(TARGET_NAME)";
				TEST_HOST = "$(BUNDLE_LOADER)";
				WRAPPER_EXTENSION = xctest;
			};
			name = Release;
		};
/* End XCBuildConfiguration section */

/* Begin XCConfigurationList section */
		FF5EF96E18A3AEA400D8E444 /* Build configuration list for PBXProject "FJBMenuViewController" */ = {
			isa = XCConfigurationList;
			buildConfigurations = (
				FF5EF99D18A3AEA500D8E444 /* Debug */,
				FF5EF99E18A3AEA500D8E444 /* Release */,
			);
			defaultConfigurationIsVisible = 0;
			defaultConfigurationName = Release;
		};
		FF5EF99F18A3AEA500D8E444 /* Build configuration list for PBXNativeTarget "FJBMenuViewController" */ = {
			isa = XCConfigurationList;
			buildConfigurations = (
				FF5EF9A018A3AEA500D8E444 /* Debug */,
				FF5EF9A118A3AEA500D8E444 /* Release */,
			);
			defaultConfigurationIsVisible = 0;
		};
		FF5EF9A218A3AEA500D8E444 /* Build configuration list for PBXNativeTarget "FJBMenuViewControllerTests" */ = {
			isa = XCConfigurationList;
			buildConfigurations = (
				FF5EF9A318A3AEA500D8E444 /* Debug */,
				FF5EF9A418A3AEA500D8E444 /* Release */,
			);
			defaultConfigurationIsVisible = 0;
		};
/* End XCConfigurationList section */
	};
	rootObject = FF5EF96B18A3AEA400D8E444 /* Project object */;
}
